// !$*UTF8*$!
{
	archiveVersion = 1;
	classes = {
	};
	objectVersion = 50;
	objects = {

/* Begin PBXBuildFile section */
		03384EF1260848080044C507 /* lxy_CustomPayPasswordView.m in Sources */ = {isa = PBXBuildFile; fileRef = 03384EE4260848080044C507 /* lxy_CustomPayPasswordView.m */; };
		03384EF2260848080044C507 /* lxy_PayPasswordAndAmountView.m in Sources */ = {isa = PBXBuildFile; fileRef = 03384EE7260848080044C507 /* lxy_PayPasswordAndAmountView.m */; };
		03384EF3260848080044C507 /* lxy_PayPasswordItem.m in Sources */ = {isa = PBXBuildFile; fileRef = 03384EEB260848080044C507 /* lxy_PayPasswordItem.m */; };
		03384EF4260848080044C507 /* CustomPayPasswordViewDemo.bundle in Resources */ = {isa = PBXBuildFile; fileRef = 03384EEC260848080044C507 /* CustomPayPasswordViewDemo.bundle */; };
		03384EF5260848080044C507 /* lxy_PayPasswordView.m in Sources */ = {isa = PBXBuildFile; fileRef = 03384EED260848080044C507 /* lxy_PayPasswordView.m */; };
		03384EF6260848080044C507 /* UIView+lxyExtension.m in Sources */ = {isa = PBXBuildFile; fileRef = 03384EEE260848080044C507 /* UIView+lxyExtension.m */; };
		03384EF7260848080044C507 /* lxy_PayPasswordKeyboard.m in Sources */ = {isa = PBXBuildFile; fileRef = 03384EEF260848080044C507 /* lxy_PayPasswordKeyboard.m */; };
		0389CF382605EDF1004AC563 /* AppDelegate.m in Sources */ = {isa = PBXBuildFile; fileRef = 0389CF372605EDF1004AC563 /* AppDelegate.m */; };
		0389CF3B2605EDF1004AC563 /* SceneDelegate.m in Sources */ = {isa = PBXBuildFile; fileRef = 0389CF3A2605EDF1004AC563 /* SceneDelegate.m */; };
		0389CF3E2605EDF1004AC563 /* ViewController.m in Sources */ = {isa = PBXBuildFile; fileRef = 0389CF3D2605EDF1004AC563 /* ViewController.m */; };
		0389CF412605EDF1004AC563 /* Main.storyboard in Resources */ = {isa = PBXBuildFile; fileRef = 0389CF3F2605EDF1004AC563 /* Main.storyboard */; };
		0389CF432605EDF2004AC563 /* Assets.xcassets in Resources */ = {isa = PBXBuildFile; fileRef = 0389CF422605EDF2004AC563 /* Assets.xcassets */; };
		0389CF462605EDF2004AC563 /* LaunchScreen.storyboard in Resources */ = {isa = PBXBuildFile; fileRef = 0389CF442605EDF2004AC563 /* LaunchScreen.storyboard */; };
		0389CF492605EDF2004AC563 /* main.m in Sources */ = {isa = PBXBuildFile; fileRef = 0389CF482605EDF2004AC563 /* main.m */; };
/* End PBXBuildFile section */

/* Begin PBXFileReference section */
		03384EE3260848080044C507 /* lxy_PayPasswordItem.h */ = {isa = PBXFileReference; fileEncoding = 4; lastKnownFileType = sourcecode.c.h; path = lxy_PayPasswordItem.h; sourceTree = "<group>"; };
		03384EE4260848080044C507 /* lxy_CustomPayPasswordView.m */ = {isa = PBXFileReference; fileEncoding = 4; lastKnownFileType = sourcecode.c.objc; path = lxy_CustomPayPasswordView.m; sourceTree = "<group>"; };
		03384EE5260848080044C507 /* UIView+lxyExtension.h */ = {isa = PBXFileReference; fileEncoding = 4; lastKnownFileType = sourcecode.c.h; path = "UIView+lxyExtension.h"; sourceTree = "<group>"; };
		03384EE6260848080044C507 /* lxy_PayPasswordView.h */ = {isa = PBXFileReference; fileEncoding = 4; lastKnownFileType = sourcecode.c.h; path = lxy_PayPasswordView.h; sourceTree = "<group>"; };
		03384EE7260848080044C507 /* lxy_PayPasswordAndAmountView.m */ = {isa = PBXFileReference; fileEncoding = 4; lastKnownFileType = sourcecode.c.objc; path = lxy_PayPasswordAndAmountView.m; sourceTree = "<group>"; };
		03384EE8260848080044C507 /* lxy_PayPasswordKeyboard.h */ = {isa = PBXFileReference; fileEncoding = 4; lastKnownFileType = sourcecode.c.h; path = lxy_PayPasswordKeyboard.h; sourceTree = "<group>"; };
		03384EE9260848080044C507 /* lxy_Define.h */ = {isa = PBXFileReference; fileEncoding = 4; lastKnownFileType = sourcecode.c.h; path = lxy_Define.h; sourceTree = "<group>"; };
		03384EEA260848080044C507 /* lxy_CustomPayPasswordView.h */ = {isa = PBXFileReference; fileEncoding = 4; lastKnownFileType = sourcecode.c.h; path = lxy_CustomPayPasswordView.h; sourceTree = "<group>"; };
		03384EEB260848080044C507 /* lxy_PayPasswordItem.m */ = {isa = PBXFileReference; fileEncoding = 4; lastKnownFileType = sourcecode.c.objc; path = lxy_PayPasswordItem.m; sourceTree = "<group>"; };
		03384EEC260848080044C507 /* CustomPayPasswordViewDemo.bundle */ = {isa = PBXFileReference; lastKnownFileType = "wrapper.plug-in"; path = CustomPayPasswordViewDemo.bundle; sourceTree = "<group>"; };
		03384EED260848080044C507 /* lxy_PayPasswordView.m */ = {isa = PBXFileReference; fileEncoding = 4; lastKnownFileType = sourcecode.c.objc; path = lxy_PayPasswordView.m; sourceTree = "<group>"; };
		03384EEE260848080044C507 /* UIView+lxyExtension.m */ = {isa = PBXFileReference; fileEncoding = 4; lastKnownFileType = sourcecode.c.objc; path = "UIView+lxyExtension.m"; sourceTree = "<group>"; };
		03384EEF260848080044C507 /* lxy_PayPasswordKeyboard.m */ = {isa = PBXFileReference; fileEncoding = 4; lastKnownFileType = sourcecode.c.objc; path = lxy_PayPasswordKeyboard.m; sourceTree = "<group>"; };
		03384EF0260848080044C507 /* lxy_PayPasswordAndAmountView.h */ = {isa = PBXFileReference; fileEncoding = 4; lastKnownFileType = sourcecode.c.h; path = lxy_PayPasswordAndAmountView.h; sourceTree = "<group>"; };
		0389CF332605EDF1004AC563 /* CustomPayPasswordViewDemo.app */ = {isa = PBXFileReference; explicitFileType = wrapper.application; includeInIndex = 0; path = CustomPayPasswordViewDemo.app; sourceTree = BUILT_PRODUCTS_DIR; };
		0389CF362605EDF1004AC563 /* AppDelegate.h */ = {isa = PBXFileReference; lastKnownFileType = sourcecode.c.h; path = AppDelegate.h; sourceTree = "<group>"; };
		0389CF372605EDF1004AC563 /* AppDelegate.m */ = {isa = PBXFileReference; lastKnownFileType = sourcecode.c.objc; path = AppDelegate.m; sourceTree = "<group>"; };
		0389CF392605EDF1004AC563 /* SceneDelegate.h */ = {isa = PBXFileReference; lastKnownFileType = sourcecode.c.h; path = SceneDelegate.h; sourceTree = "<group>"; };
		0389CF3A2605EDF1004AC563 /* SceneDelegate.m */ = {isa = PBXFileReference; lastKnownFileType = sourcecode.c.objc; path = SceneDelegate.m; sourceTree = "<group>"; };
		0389CF3C2605EDF1004AC563 /* ViewController.h */ = {isa = PBXFileReference; lastKnownFileType = sourcecode.c.h; path = ViewController.h; sourceTree = "<group>"; };
		0389CF3D2605EDF1004AC563 /* ViewController.m */ = {isa = PBXFileReference; lastKnownFileType = sourcecode.c.objc; path = ViewController.m; sourceTree = "<group>"; };
		0389CF402605EDF1004AC563 /* Base */ = {isa = PBXFileReference; lastKnownFileType = file.storyboard; name = Base; path = Base.lproj/Main.storyboard; sourceTree = "<group>"; };
		0389CF422605EDF2004AC563 /* Assets.xcassets */ = {isa = PBXFileReference; lastKnownFileType = folder.assetcatalog; path = Assets.xcassets; sourceTree = "<group>"; };
		0389CF452605EDF2004AC563 /* Base */ = {isa = PBXFileReference; lastKnownFileType = file.storyboard; name = Base; path = Base.lproj/LaunchScreen.storyboard; sourceTree = "<group>"; };
		0389CF472605EDF2004AC563 /* Info.plist */ = {isa = PBXFileReference; lastKnownFileType = text.plist.xml; path = Info.plist; sourceTree = "<group>"; };
		0389CF482605EDF2004AC563 /* main.m */ = {isa = PBXFileReference; lastKnownFileType = sourcecode.c.objc; path = main.m; sourceTree = "<group>"; };
/* End PBXFileReference section */

/* Begin PBXFrameworksBuildPhase section */
		0389CF302605EDF1004AC563 /* Frameworks */ = {
			isa = PBXFrameworksBuildPhase;
			buildActionMask = 2147483647;
			files = (
			);
			runOnlyForDeploymentPostprocessing = 0;
		};
/* End PBXFrameworksBuildPhase section */

/* Begin PBXGroup section */
		03384EE2260848080044C507 /* CustomPayPasswordView */ = {
			isa = PBXGroup;
			children = (
				03384EE9260848080044C507 /* lxy_Define.h */,
				03384EE5260848080044C507 /* UIView+lxyExtension.h */,
				03384EEE260848080044C507 /* UIView+lxyExtension.m */,
				03384EE3260848080044C507 /* lxy_PayPasswordItem.h */,
				03384EEB260848080044C507 /* lxy_PayPasswordItem.m */,
				03384EE6260848080044C507 /* lxy_PayPasswordView.h */,
				03384EED260848080044C507 /* lxy_PayPasswordView.m */,
				03384EE8260848080044C507 /* lxy_PayPasswordKeyboard.h */,
				03384EEF260848080044C507 /* lxy_PayPasswordKeyboard.m */,
				03384EEA260848080044C507 /* lxy_CustomPayPasswordView.h */,
				03384EE4260848080044C507 /* lxy_CustomPayPasswordView.m */,
				03384EF0260848080044C507 /* lxy_PayPasswordAndAmountView.h */,
				03384EE7260848080044C507 /* lxy_PayPasswordAndAmountView.m */,
				03384EEC260848080044C507 /* CustomPayPasswordViewDemo.bundle */,
			);
			path = CustomPayPasswordView;
			sourceTree = "<group>";
		};
		0389CF2A2605EDF1004AC563 = {
			isa = PBXGroup;
			children = (
				0389CF352605EDF1004AC563 /* CustomPayPasswordViewDemo */,
				0389CF342605EDF1004AC563 /* Products */,
			);
			sourceTree = "<group>";
		};
		0389CF342605EDF1004AC563 /* Products */ = {
			isa = PBXGroup;
			children = (
				0389CF332605EDF1004AC563 /* CustomPayPasswordViewDemo.app */,
			);
			name = Products;
			sourceTree = "<group>";
		};
		0389CF352605EDF1004AC563 /* CustomPayPasswordViewDemo */ = {
			isa = PBXGroup;
			children = (
				03384EE2260848080044C507 /* CustomPayPasswordView */,
				0389CF362605EDF1004AC563 /* AppDelegate.h */,
				0389CF372605EDF1004AC563 /* AppDelegate.m */,
				0389CF392605EDF1004AC563 /* SceneDelegate.h */,
				0389CF3A2605EDF1004AC563 /* SceneDelegate.m */,
				0389CF3C2605EDF1004AC563 /* ViewController.h */,
				0389CF3D2605EDF1004AC563 /* ViewController.m */,
				0389CF3F2605EDF1004AC563 /* Main.storyboard */,
				0389CF422605EDF2004AC563 /* Assets.xcassets */,
				0389CF442605EDF2004AC563 /* LaunchScreen.storyboard */,
				0389CF472605EDF2004AC563 /* Info.plist */,
				0389CF482605EDF2004AC563 /* main.m */,
			);
			path = CustomPayPasswordViewDemo;
			sourceTree = "<group>";
		};
/* End PBXGroup section */

/* Begin PBXNativeTarget section */
		0389CF322605EDF1004AC563 /* CustomPayPasswordViewDemo */ = {
			isa = PBXNativeTarget;
			buildConfigurationList = 0389CF4C2605EDF2004AC563 /* Build configuration list for PBXNativeTarget "CustomPayPasswordViewDemo" */;
			buildPhases = (
				0389CF2F2605EDF1004AC563 /* Sources */,
				0389CF302605EDF1004AC563 /* Frameworks */,
				0389CF312605EDF1004AC563 /* Resources */,
			);
			buildRules = (
			);
			dependencies = (
			);
			name = CustomPayPasswordViewDemo;
			productName = CustomPayPasswordViewDemo;
			productReference = 0389CF332605EDF1004AC563 /* CustomPayPasswordViewDemo.app */;
			productType = "com.apple.product-type.application";
		};
/* End PBXNativeTarget section */

/* Begin PBXProject section */
		0389CF2B2605EDF1004AC563 /* Project object */ = {
			isa = PBXProject;
			attributes = {
				LastUpgradeCheck = 1220;
				TargetAttributes = {
					0389CF322605EDF1004AC563 = {
						CreatedOnToolsVersion = 12.2;
					};
				};
			};
			buildConfigurationList = 0389CF2E2605EDF1004AC563 /* Build configuration list for PBXProject "CustomPayPasswordViewDemo" */;
			compatibilityVersion = "Xcode 9.3";
			developmentRegion = en;
			hasScannedForEncodings = 0;
			knownRegions = (
				en,
				Base,
			);
			mainGroup = 0389CF2A2605EDF1004AC563;
			productRefGroup = 0389CF342605EDF1004AC563 /* Products */;
			projectDirPath = "";
			projectRoot = "";
			targets = (
				0389CF322605EDF1004AC563 /* CustomPayPasswordViewDemo */,
			);
		};
/* End PBXProject section */

/* Begin PBXResourcesBuildPhase section */
		0389CF312605EDF1004AC563 /* Resources */ = {
			isa = PBXResourcesBuildPhase;
			buildActionMask = 2147483647;
			files = (
				03384EF4260848080044C507 /* CustomPayPasswordViewDemo.bundle in Resources */,
				0389CF462605EDF2004AC563 /* LaunchScreen.storyboard in Resources */,
				0389CF432605EDF2004AC563 /* Assets.xcassets in Resources */,
				0389CF412605EDF1004AC563 /* Main.storyboard in Resources */,
			);
			runOnlyForDeploymentPostprocessing = 0;
		};
/* End PBXResourcesBuildPhase section */

/* Begin PBXSourcesBuildPhase section */
		0389CF2F2605EDF1004AC563 /* Sources */ = {
			isa = PBXSourcesBuildPhase;
			buildActionMask = 2147483647;
			files = (
				0389CF3E2605EDF1004AC563 /* ViewController.m in Sources */,
				0389CF382605EDF1004AC563 /* AppDelegate.m in Sources */,
				03384EF2260848080044C507 /* lxy_PayPasswordAndAmountView.m in Sources */,
				03384EF6260848080044C507 /* UIView+lxyExtension.m in Sources */,
				03384EF7260848080044C507 /* lxy_PayPasswordKeyboard.m in Sources */,
				03384EF1260848080044C507 /* lxy_CustomPayPasswordView.m in Sources */,
				03384EF5260848080044C507 /* lxy_PayPasswordView.m in Sources */,
				0389CF492605EDF2004AC563 /* main.m in Sources */,
				0389CF3B2605EDF1004AC563 /* SceneDelegate.m in Sources */,
				03384EF3260848080044C507 /* lxy_PayPasswordItem.m in Sources */,
			);
			runOnlyForDeploymentPostprocessing = 0;
		};
/* End PBXSourcesBuildPhase section */

/* Begin PBXVariantGroup section */
		0389CF3F2605EDF1004AC563 /* Main.storyboard */ = {
			isa = PBXVariantGroup;
			children = (
				0389CF402605EDF1004AC563 /* Base */,
			);
			name = Main.storyboard;
			sourceTree = "<group>";
		};
		0389CF442605EDF2004AC563 /* LaunchScreen.storyboard */ = {
			isa = PBXVariantGroup;
			children = (
				0389CF452605EDF2004AC563 /* Base */,
			);
			name = LaunchScreen.storyboard;
			sourceTree = "<group>";
		};
/* End PBXVariantGroup section */

/* Begin XCBuildConfiguration section */
		0389CF4A2605EDF2004AC563 /* Debug */ = {
			isa = XCBuildConfiguration;
			buildSettings = {
				ALWAYS_SEARCH_USER_PATHS = NO;
				CLANG_ANALYZER_NONNULL = YES;
				CLANG_ANALYZER_NUMBER_OBJECT_CONVERSION = YES_AGGRESSIVE;
				CLANG_CXX_LANGUAGE_STANDARD = "gnu++14";
				CLANG_CXX_LIBRARY = "libc++";
				CLANG_ENABLE_MODULES = YES;
				CLANG_ENABLE_OBJC_ARC = YES;
				CLANG_ENABLE_OBJC_WEAK = YES;
				CLANG_WARN_BLOCK_CAPTURE_AUTORELEASING = YES;
				CLANG_WARN_BOOL_CONVERSION = YES;
				CLANG_WARN_COMMA = YES;
				CLANG_WARN_CONSTANT_CONVERSION = YES;
				CLANG_WARN_DEPRECATED_OBJC_IMPLEMENTATIONS = YES;
				CLANG_WARN_DIRECT_OBJC_ISA_USAGE = YES_ERROR;
				CLANG_WARN_DOCUMENTATION_COMMENTS = YES;
				CLANG_WARN_EMPTY_BODY = YES;
				CLANG_WARN_ENUM_CONVERSION = YES;
				CLANG_WARN_INFINITE_RECURSION = YES;
				CLANG_WARN_INT_CONVERSION = YES;
				CLANG_WARN_NON_LITERAL_NULL_CONVERSION = YES;
				CLANG_WARN_OBJC_IMPLICIT_RETAIN_SELF = YES;
				CLANG_WARN_OBJC_LITERAL_CONVERSION = YES;
				CLANG_WARN_OBJC_ROOT_CLASS = YES_ERROR;
				CLANG_WARN_QUOTED_INCLUDE_IN_FRAMEWORK_HEADER = YES;
				CLANG_WARN_RANGE_LOOP_ANALYSIS = YES;
				CLANG_WARN_STRICT_PROTOTYPES = YES;
				CLANG_WARN_SUSPICIOUS_MOVE = YES;
				CLANG_WARN_UNGUARDED_AVAILABILITY = YES_AGGRESSIVE;
				CLANG_WARN_UNREACHABLE_CODE = YES;
				CLANG_WARN__DUPLICATE_METHOD_MATCH = YES;
				COPY_PHASE_STRIP = NO;
				DEBUG_INFORMATION_FORMAT = dwarf;
				ENABLE_STRICT_OBJC_MSGSEND = YES;
				ENABLE_TESTABILITY = YES;
				GCC_C_LANGUAGE_STANDARD = gnu11;
				GCC_DYNAMIC_NO_PIC = NO;
				GCC_NO_COMMON_BLOCKS = YES;
				GCC_OPTIMIZATION_LEVEL = 0;
				GCC_PREPROCESSOR_DEFINITIONS = (
					"DEBUG=1",
					"$(inherited)",
				);
				GCC_WARN_64_TO_32_BIT_CONVERSION = YES;
				GCC_WARN_ABOUT_RETURN_TYPE = YES_ERROR;
				GCC_WARN_UNDECLARED_SELECTOR = YES;
				GCC_WARN_UNINITIALIZED_AUTOS = YES_AGGRESSIVE;
				GCC_WARN_UNUSED_FUNCTION = YES;
				GCC_WARN_UNUSED_VARIABLE = YES;
				IPHONEOS_DEPLOYMENT_TARGET = 10.0;
				MTL_ENABLE_DEBUG_INFO = INCLUDE_SOURCE;
				MTL_FAST_MATH = YES;
				ONLY_ACTIVE_ARCH = YES;
				SDKROOT = iphoneos;
			};
			name = Debug;
		};
		0389CF4B2605EDF2004AC563 /* Release */ = {
			isa = XCBuildConfiguration;
			buildSettings = {
				ALWAYS_SEARCH_USER_PATHS = NO;
				CLANG_ANALYZER_NONNULL = YES;
				CLANG_ANALYZER_NUMBER_OBJECT_CONVERSION = YES_AGGRESSIVE;
				CLANG_CXX_LANGUAGE_STANDARD = "gnu++14";
				CLANG_CXX_LIBRARY = "libc++";
				CLANG_ENABLE_MODULES = YES;
				CLANG_ENABLE_OBJC_ARC = YES;
				CLANG_ENABLE_OBJC_WEAK = YES;
				CLANG_WARN_BLOCK_CAPTURE_AUTORELEASING = YES;
				CLANG_WARN_BOOL_CONVERSION = YES;
				CLANG_WARN_COMMA = YES;
				CLANG_WARN_CONSTANT_CONVERSION = YES;
				CLANG_WARN_DEPRECATED_OBJC_IMPLEMENTATIONS = YES;
				CLANG_WARN_DIRECT_OBJC_ISA_USAGE = YES_ERROR;
				CLANG_WARN_DOCUMENTATION_COMMENTS = YES;
				CLANG_WARN_EMPTY_BODY = YES;
				CLANG_WARN_ENUM_CONVERSION = YES;
				CLANG_WARN_INFINITE_RECURSION = YES;
				CLANG_WARN_INT_CONVERSION = YES;
				CLANG_WARN_NON_LITERAL_NULL_CONVERSION = YES;
				CLANG_WARN_OBJC_IMPLICIT_RETAIN_SELF = YES;
				CLANG_WARN_OBJC_LITERAL_CONVERSION = YES;
				CLANG_WARN_OBJC_ROOT_CLASS = YES_ERROR;
				CLANG_WARN_QUOTED_INCLUDE_IN_FRAMEWORK_HEADER = YES;
				CLANG_WARN_RANGE_LOOP_ANALYSIS = YES;
				CLANG_WARN_STRICT_PROTOTYPES = YES;
				CLANG_WARN_SUSPICIOUS_MOVE = YES;
				CLANG_WARN_UNGUARDED_AVAILABILITY = YES_AGGRESSIVE;
				CLANG_WARN_UNREACHABLE_CODE = YES;
				CLANG_WARN__DUPLICATE_METHOD_MATCH = YES;
				COPY_PHASE_STRIP = NO;
				DEBUG_INFORMATION_FORMAT = "dwarf-with-dsym";
				ENABLE_NS_ASSERTIONS = NO;
				ENABLE_STRICT_OBJC_MSGSEND = YES;
				GCC_C_LANGUAGE_STANDARD = gnu11;
				GCC_NO_COMMON_BLOCKS = YES;
				GCC_WARN_64_TO_32_BIT_CONVERSION = YES;
				GCC_WARN_ABOUT_RETURN_TYPE = YES_ERROR;
				GCC_WARN_UNDECLARED_SELECTOR = YES;
				GCC_WARN_UNINITIALIZED_AUTOS = YES_AGGRESSIVE;
				GCC_WARN_UNUSED_FUNCTION = YES;
				GCC_WARN_UNUSED_VARIABLE = YES;
				IPHONEOS_DEPLOYMENT_TARGET = 10.0;
				MTL_ENABLE_DEBUG_INFO = NO;
				MTL_FAST_MATH = YES;
				SDKROOT = iphoneos;
				VALIDATE_PRODUCT = YES;
			};
			name = Release;
		};
		0389CF4D2605EDF2004AC563 /* Debug */ = {
			isa = XCBuildConfiguration;
			buildSettings = {
				ASSETCATALOG_COMPILER_APPICON_NAME = AppIcon;
				ASSETCATALOG_COMPILER_GLOBAL_ACCENT_COLOR_NAME = AccentColor;
				CODE_SIGN_STYLE = Automatic;
				DEVELOPMENT_TEAM = 787T7UBDEC;
				INFOPLIST_FILE = CustomPayPasswordViewDemo/Info.plist;
				LD_RUNPATH_SEARCH_PATHS = (
					"$(inherited)",
					"@executable_path/Frameworks",
				);
				PRODUCT_BUNDLE_IDENTIFIER = com.CustomPayPasswordViewDemo.https;
				PRODUCT_NAME = "$(TARGET_NAME)";
				TARGETED_DEVICE_FAMILY = "1,2";
			};
			name = Debug;
		};
		0389CF4E2605EDF2004AC563 /* Release */ = {
			isa = XCBuildConfiguration;
			buildSettings = {
				ASSETCATALOG_COMPILER_APPICON_NAME = AppIcon;
				ASSETCATALOG_COMPILER_GLOBAL_ACCENT_COLOR_NAME = AccentColor;
				CODE_SIGN_STYLE = Automatic;
				DEVELOPMENT_TEAM = 787T7UBDEC;
				INFOPLIST_FILE = CustomPayPasswordViewDemo/Info.plist;
				LD_RUNPATH_SEARCH_PATHS = (
					"$(inherited)",
					"@executable_path/Frameworks",
				);
				PRODUCT_BUNDLE_IDENTIFIER = com.CustomPayPasswordViewDemo.https;
				PRODUCT_NAME = "$(TARGET_NAME)";
				TARGETED_DEVICE_FAMILY = "1,2";
			};
			name = Release;
		};
/* End XCBuildConfiguration section */

/* Begin XCConfigurationList section */
		0389CF2E2605EDF1004AC563 /* Build configuration list for PBXProject "CustomPayPasswordViewDemo" */ = {
			isa = XCConfigurationList;
			buildConfigurations = (
				0389CF4A2605EDF2004AC563 /* Debug */,
				0389CF4B2605EDF2004AC563 /* Release */,
			);
			defaultConfigurationIsVisible = 0;
			defaultConfigurationName = Release;
		};
		0389CF4C2605EDF2004AC563 /* Build configuration list for PBXNativeTarget "CustomPayPasswordViewDemo" */ = {
			isa = XCConfigurationList;
			buildConfigurations = (
				0389CF4D2605EDF2004AC563 /* Debug */,
				0389CF4E2605EDF2004AC563 /* Release */,
			);
			defaultConfigurationIsVisible = 0;
			defaultConfigurationName = Release;
		};
/* End XCConfigurationList section */
	};
	rootObject = 0389CF2B2605EDF1004AC563 /* Project object */;
}
